// !$*UTF8*$!
{
	archiveVersion = 1;
	classes = {
	};
	objectVersion = 46;
	objects = {

/* Begin PBXBuildFile section */
		646435D51C4E286500828B18 /* InteractiveTransition.storyboard in Resources */ = {isa = PBXBuildFile; fileRef = 646435D31C4E286500828B18 /* InteractiveTransition.storyboard */; };
		646435D81C4E28C500828B18 /* InteractiveShowViewController.swift in Sources */ = {isa = PBXBuildFile; fileRef = 646435D71C4E28C500828B18 /* InteractiveShowViewController.swift */; };
		6466CAF71C66C50B00380D0F /* ClockFace.storyboard in Resources */ = {isa = PBXBuildFile; fileRef = 6466CAF61C66C50B00380D0F /* ClockFace.storyboard */; };
		6466CAF91C66C54E00380D0F /* ClockFace.swift in Sources */ = {isa = PBXBuildFile; fileRef = 6466CAF81C66C54E00380D0F /* ClockFace.swift */; };
		6466CAFB1C66C6B900380D0F /* ClockFaceViewController.swift in Sources */ = {isa = PBXBuildFile; fileRef = 6466CAFA1C66C6B900380D0F /* ClockFaceViewController.swift */; };
		6482E0401C4C939200E3869E /* AppDelegate.swift in Sources */ = {isa = PBXBuildFile; fileRef = 6482E03F1C4C939200E3869E /* AppDelegate.swift */; };
		6482E0421C4C939200E3869E /* MenuViewController.swift in Sources */ = {isa = PBXBuildFile; fileRef = 6482E0411C4C939200E3869E /* MenuViewController.swift */; };
		6482E0451C4C939200E3869E /* Main.storyboard in Resources */ = {isa = PBXBuildFile; fileRef = 6482E0431C4C939200E3869E /* Main.storyboard */; };
		6482E0471C4C939300E3869E /* Assets.xcassets in Resources */ = {isa = PBXBuildFile; fileRef = 6482E0461C4C939300E3869E /* Assets.xcassets */; };
		6482E04A1C4C939300E3869E /* LaunchScreen.storyboard in Resources */ = {isa = PBXBuildFile; fileRef = 6482E0481C4C939300E3869E /* LaunchScreen.storyboard */; };
		64A588541C6AC95300E72FEE /* ClockFace2.storyboard in Resources */ = {isa = PBXBuildFile; fileRef = 64A588521C6AC95300E72FEE /* ClockFace2.storyboard */; };
		64A588571C6ACAA300E72FEE /* ClockFace2.swift in Sources */ = {isa = PBXBuildFile; fileRef = 64A588561C6ACAA300E72FEE /* ClockFace2.swift */; };
		64A588591C6ACAFA00E72FEE /* ClockFace2ViewController.swift in Sources */ = {isa = PBXBuildFile; fileRef = 64A588581C6ACAFA00E72FEE /* ClockFace2ViewController.swift */; };
		64B054CD1CD736BC001FBEA1 /* CustomContainer.storyboard in Resources */ = {isa = PBXBuildFile; fileRef = 64B054CB1CD736BC001FBEA1 /* CustomContainer.storyboard */; };
		64B054D01CD7376E001FBEA1 /* ContainerViewController.swift in Sources */ = {isa = PBXBuildFile; fileRef = 64B054CF1CD7376E001FBEA1 /* ContainerViewController.swift */; };
		64B054D31CD73D51001FBEA1 /* SnapKit.framework in Frameworks */ = {isa = PBXBuildFile; fileRef = 64B054D21CD73D51001FBEA1 /* SnapKit.framework */; };
		64B054D61CD75080001FBEA1 /* ChildViewController.swift in Sources */ = {isa = PBXBuildFile; fileRef = 64B054D51CD75080001FBEA1 /* ChildViewController.swift */; };
		64DA1B0B1C51158900EB668D /* Filter.swift in Sources */ = {isa = PBXBuildFile; fileRef = 64DA1B0A1C51158900EB668D /* Filter.swift */; };
		723C10FD1CC87AAF00038FC6 /* ClockFace3.storyboard in Resources */ = {isa = PBXBuildFile; fileRef = 723C10FC1CC87AAF00038FC6 /* ClockFace3.storyboard */; };
		723C10FF1CC87D6F00038FC6 /* ClockFace3ViewController.swift in Sources */ = {isa = PBXBuildFile; fileRef = 723C10FE1CC87D6F00038FC6 /* ClockFace3ViewController.swift */; };
		723C11031CC8A5D900038FC6 /* GroupAnim.storyboard in Resources */ = {isa = PBXBuildFile; fileRef = 723C11021CC8A5D900038FC6 /* GroupAnim.storyboard */; };
		723C11061CC8A5FB00038FC6 /* GroupAnimViewController.swift in Sources */ = {isa = PBXBuildFile; fileRef = 723C11051CC8A5FB00038FC6 /* GroupAnimViewController.swift */; };
		723C11081CC8A76800038FC6 /* BezierPathAnimation.swift in Sources */ = {isa = PBXBuildFile; fileRef = 723C11071CC8A76800038FC6 /* BezierPathAnimation.swift */; };
		723C110A1CC8A78F00038FC6 /* BezierPath.storyboard in Resources */ = {isa = PBXBuildFile; fileRef = 723C11091CC8A78F00038FC6 /* BezierPath.storyboard */; };
		72815EBE1C4DE8DF003BA56F /* CustomShow.storyboard in Resources */ = {isa = PBXBuildFile; fileRef = 72815EBD1C4DE8DF003BA56F /* CustomShow.storyboard */; };
		72815EC01C4DE940003BA56F /* CustomShowViewController.swift in Sources */ = {isa = PBXBuildFile; fileRef = 72815EBF1C4DE940003BA56F /* CustomShowViewController.swift */; };
		728813721C4FBD6B000CF114 /* DissolvedTransition.storyboard in Resources */ = {isa = PBXBuildFile; fileRef = 728813701C4FBD6B000CF114 /* DissolvedTransition.storyboard */; };
		728813751C4FBE0B000CF114 /* DissolvedShowViewController.swift in Sources */ = {isa = PBXBuildFile; fileRef = 728813741C4FBE0B000CF114 /* DissolvedShowViewController.swift */; };
		728813771C4FBF0C000CF114 /* FilteredImageView.swift in Sources */ = {isa = PBXBuildFile; fileRef = 728813761C4FBF0C000CF114 /* FilteredImageView.swift */; };
/* End PBXBuildFile section */

/* Begin PBXFileReference section */
		646435D41C4E286500828B18 /* Base */ = {isa = PBXFileReference; lastKnownFileType = file.storyboard; name = Base; path = Base.lproj/InteractiveTransition.storyboard; sourceTree = "<group>"; };
		646435D71C4E28C500828B18 /* InteractiveShowViewController.swift */ = {isa = PBXFileReference; fileEncoding = 4; lastKnownFileType = sourcecode.swift; path = InteractiveShowViewController.swift; sourceTree = "<group>"; };
		6466CAF61C66C50B00380D0F /* ClockFace.storyboard */ = {isa = PBXFileReference; fileEncoding = 4; lastKnownFileType = file.storyboard; path = ClockFace.storyboard; sourceTree = "<group>"; };
		6466CAF81C66C54E00380D0F /* ClockFace.swift */ = {isa = PBXFileReference; fileEncoding = 4; lastKnownFileType = sourcecode.swift; path = ClockFace.swift; sourceTree = "<group>"; };
		6466CAFA1C66C6B900380D0F /* ClockFaceViewController.swift */ = {isa = PBXFileReference; fileEncoding = 4; lastKnownFileType = sourcecode.swift; path = ClockFaceViewController.swift; sourceTree = "<group>"; };
		6482E03C1C4C939200E3869E /* DemoAnimations.app */ = {isa = PBXFileReference; explicitFileType = wrapper.application; includeInIndex = 0; path = DemoAnimations.app; sourceTree = BUILT_PRODUCTS_DIR; };
		6482E03F1C4C939200E3869E /* AppDelegate.swift */ = {isa = PBXFileReference; lastKnownFileType = sourcecode.swift; path = AppDelegate.swift; sourceTree = "<group>"; };
		6482E0411C4C939200E3869E /* MenuViewController.swift */ = {isa = PBXFileReference; lastKnownFileType = sourcecode.swift; path = MenuViewController.swift; sourceTree = "<group>"; };
		6482E0441C4C939200E3869E /* Base */ = {isa = PBXFileReference; lastKnownFileType = file.storyboard; name = Base; path = Base.lproj/Main.storyboard; sourceTree = "<group>"; };
		6482E0461C4C939300E3869E /* Assets.xcassets */ = {isa = PBXFileReference; lastKnownFileType = folder.assetcatalog; path = Assets.xcassets; sourceTree = "<group>"; };
		6482E0491C4C939300E3869E /* Base */ = {isa = PBXFileReference; lastKnownFileType = file.storyboard; name = Base; path = Base.lproj/LaunchScreen.storyboard; sourceTree = "<group>"; };
		6482E04B1C4C939300E3869E /* Info.plist */ = {isa = PBXFileReference; lastKnownFileType = text.plist.xml; path = Info.plist; sourceTree = "<group>"; };
		64A588531C6AC95300E72FEE /* Base */ = {isa = PBXFileReference; lastKnownFileType = file.storyboard; name = Base; path = Base.lproj/ClockFace2.storyboard; sourceTree = "<group>"; };
		64A588561C6ACAA300E72FEE /* ClockFace2.swift */ = {isa = PBXFileReference; fileEncoding = 4; lastKnownFileType = sourcecode.swift; path = ClockFace2.swift; sourceTree = "<group>"; };
		64A588581C6ACAFA00E72FEE /* ClockFace2ViewController.swift */ = {isa = PBXFileReference; fileEncoding = 4; lastKnownFileType = sourcecode.swift; path = ClockFace2ViewController.swift; sourceTree = "<group>"; };
		64B054CC1CD736BC001FBEA1 /* Base */ = {isa = PBXFileReference; lastKnownFileType = file.storyboard; name = Base; path = Base.lproj/CustomContainer.storyboard; sourceTree = "<group>"; };
		64B054CF1CD7376E001FBEA1 /* ContainerViewController.swift */ = {isa = PBXFileReference; fileEncoding = 4; lastKnownFileType = sourcecode.swift; path = ContainerViewController.swift; sourceTree = "<group>"; };
		64B054D21CD73D51001FBEA1 /* SnapKit.framework */ = {isa = PBXFileReference; lastKnownFileType = wrapper.framework; name = SnapKit.framework; path = Carthage/Build/iOS/SnapKit.framework; sourceTree = "<group>"; };
		64B054D51CD75080001FBEA1 /* ChildViewController.swift */ = {isa = PBXFileReference; fileEncoding = 4; lastKnownFileType = sourcecode.swift; path = ChildViewController.swift; sourceTree = "<group>"; };
		64DA1B0A1C51158900EB668D /* Filter.swift */ = {isa = PBXFileReference; fileEncoding = 4; lastKnownFileType = sourcecode.swift; path = Filter.swift; sourceTree = "<group>"; };
		723C10FC1CC87AAF00038FC6 /* ClockFace3.storyboard */ = {isa = PBXFileReference; fileEncoding = 4; lastKnownFileType = file.storyboard; path = ClockFace3.storyboard; sourceTree = "<group>"; };
		723C10FE1CC87D6F00038FC6 /* ClockFace3ViewController.swift */ = {isa = PBXFileReference; fileEncoding = 4; lastKnownFileType = sourcecode.swift; path = ClockFace3ViewController.swift; sourceTree = "<group>"; };
		723C11021CC8A5D900038FC6 /* GroupAnim.storyboard */ = {isa = PBXFileReference; fileEncoding = 4; lastKnownFileType = file.storyboard; path = GroupAnim.storyboard; sourceTree = "<group>"; };
		723C11051CC8A5FB00038FC6 /* GroupAnimViewController.swift */ = {isa = PBXFileReference; fileEncoding = 4; lastKnownFileType = sourcecode.swift; path = GroupAnimViewController.swift; sourceTree = "<group>"; };
		723C11071CC8A76800038FC6 /* BezierPathAnimation.swift */ = {isa = PBXFileReference; fileEncoding = 4; lastKnownFileType = sourcecode.swift; path = BezierPathAnimation.swift; sourceTree = "<group>"; };
		723C11091CC8A78F00038FC6 /* BezierPath.storyboard */ = {isa = PBXFileReference; fileEncoding = 4; lastKnownFileType = file.storyboard; path = BezierPath.storyboard; sourceTree = "<group>"; };
		72815EBD1C4DE8DF003BA56F /* CustomShow.storyboard */ = {isa = PBXFileReference; fileEncoding = 4; lastKnownFileType = file.storyboard; path = CustomShow.storyboard; sourceTree = "<group>"; };
		72815EBF1C4DE940003BA56F /* CustomShowViewController.swift */ = {isa = PBXFileReference; fileEncoding = 4; lastKnownFileType = sourcecode.swift; path = CustomShowViewController.swift; sourceTree = "<group>"; };
		728813711C4FBD6B000CF114 /* Base */ = {isa = PBXFileReference; lastKnownFileType = file.storyboard; name = Base; path = Base.lproj/DissolvedTransition.storyboard; sourceTree = "<group>"; };
		728813741C4FBE0B000CF114 /* DissolvedShowViewController.swift */ = {isa = PBXFileReference; fileEncoding = 4; lastKnownFileType = sourcecode.swift; path = DissolvedShowViewController.swift; sourceTree = "<group>"; };
		728813761C4FBF0C000CF114 /* FilteredImageView.swift */ = {isa = PBXFileReference; fileEncoding = 4; lastKnownFileType = sourcecode.swift; path = FilteredImageView.swift; sourceTree = "<group>"; };
/* End PBXFileReference section */

/* Begin PBXFrameworksBuildPhase section */
		6482E0391C4C939200E3869E /* Frameworks */ = {
			isa = PBXFrameworksBuildPhase;
			buildActionMask = 2147483647;
			files = (
				64B054D31CD73D51001FBEA1 /* SnapKit.framework in Frameworks */,
			);
			runOnlyForDeploymentPostprocessing = 0;
		};
/* End PBXFrameworksBuildPhase section */

/* Begin PBXGroup section */
		646435D61C4E28A400828B18 /* InteractiveShow */ = {
			isa = PBXGroup;
			children = (
				646435D31C4E286500828B18 /* InteractiveTransition.storyboard */,
				646435D71C4E28C500828B18 /* InteractiveShowViewController.swift */,
			);
			name = InteractiveShow;
			sourceTree = "<group>";
		};
		6466CAF51C66C40500380D0F /* ClockFace */ = {
			isa = PBXGroup;
			children = (
				6466CAF61C66C50B00380D0F /* ClockFace.storyboard */,
				6466CAF81C66C54E00380D0F /* ClockFace.swift */,
				6466CAFA1C66C6B900380D0F /* ClockFaceViewController.swift */,
			);
			name = ClockFace;
			sourceTree = "<group>";
		};
		6482E0331C4C939200E3869E = {
			isa = PBXGroup;
			children = (
				64B054D11CD73D2F001FBEA1 /* Frameworks */,
				6482E03E1C4C939200E3869E /* Animations */,
				6482E03D1C4C939200E3869E /* Products */,
			);
			sourceTree = "<group>";
		};
		6482E03D1C4C939200E3869E /* Products */ = {
			isa = PBXGroup;
			children = (
				6482E03C1C4C939200E3869E /* DemoAnimations.app */,
			);
			name = Products;
			sourceTree = "<group>";
		};
		6482E03E1C4C939200E3869E /* Animations */ = {
			isa = PBXGroup;
			children = (
				723C10F91CC87A4C00038FC6 /* ClockFace3 */,
				723C11041CC8A5E400038FC6 /* GroupAnimation */,
				72869B161C4E6EE3009AF9C5 /* Menu */,
				64A588551C6AC96900E72FEE /* ClockFace2 */,
				6466CAF51C66C40500380D0F /* ClockFace */,
				728813731C4FBDC9000CF114 /* DissolvedShow */,
				646435D61C4E28A400828B18 /* InteractiveShow */,
				72815EC11C4DE95D003BA56F /* CustomShow */,
				723C110B1CC8A79400038FC6 /* BezierPath */,
				64B054CE1CD73708001FBEA1 /* CustomContainer */,
				72815EC21C4DE97A003BA56F /* Support */,
			);
			path = Animations;
			sourceTree = "<group>";
		};
		64A588551C6AC96900E72FEE /* ClockFace2 */ = {
			isa = PBXGroup;
			children = (
				64A588521C6AC95300E72FEE /* ClockFace2.storyboard */,
				64A588561C6ACAA300E72FEE /* ClockFace2.swift */,
				64A588581C6ACAFA00E72FEE /* ClockFace2ViewController.swift */,
			);
			name = ClockFace2;
			sourceTree = "<group>";
		};
		64B054CE1CD73708001FBEA1 /* CustomContainer */ = {
			isa = PBXGroup;
			children = (
				64B054CB1CD736BC001FBEA1 /* CustomContainer.storyboard */,
				64B054CF1CD7376E001FBEA1 /* ContainerViewController.swift */,
				64B054D51CD75080001FBEA1 /* ChildViewController.swift */,
			);
			name = CustomContainer;
			sourceTree = "<group>";
		};
		64B054D11CD73D2F001FBEA1 /* Frameworks */ = {
			isa = PBXGroup;
			children = (
				64B054D21CD73D51001FBEA1 /* SnapKit.framework */,
			);
			name = Frameworks;
			sourceTree = "<group>";
		};
		723C10F91CC87A4C00038FC6 /* ClockFace3 */ = {
			isa = PBXGroup;
			children = (
				723C10FC1CC87AAF00038FC6 /* ClockFace3.storyboard */,
				723C10FE1CC87D6F00038FC6 /* ClockFace3ViewController.swift */,
			);
			name = ClockFace3;
			sourceTree = "<group>";
		};
		723C11041CC8A5E400038FC6 /* GroupAnimation */ = {
			isa = PBXGroup;
			children = (
				723C11021CC8A5D900038FC6 /* GroupAnim.storyboard */,
				723C11051CC8A5FB00038FC6 /* GroupAnimViewController.swift */,
			);
			name = GroupAnimation;
			sourceTree = "<group>";
		};
		723C110B1CC8A79400038FC6 /* BezierPath */ = {
			isa = PBXGroup;
			children = (
				723C11071CC8A76800038FC6 /* BezierPathAnimation.swift */,
				723C11091CC8A78F00038FC6 /* BezierPath.storyboard */,
			);
			name = BezierPath;
			sourceTree = "<group>";
		};
		72815EC11C4DE95D003BA56F /* CustomShow */ = {
			isa = PBXGroup;
			children = (
				72815EBD1C4DE8DF003BA56F /* CustomShow.storyboard */,
				72815EBF1C4DE940003BA56F /* CustomShowViewController.swift */,
			);
			name = CustomShow;
			sourceTree = "<group>";
		};
		72815EC21C4DE97A003BA56F /* Support */ = {
			isa = PBXGroup;
			children = (
				6482E03F1C4C939200E3869E /* AppDelegate.swift */,
				6482E0461C4C939300E3869E /* Assets.xcassets */,
				6482E0481C4C939300E3869E /* LaunchScreen.storyboard */,
				6482E04B1C4C939300E3869E /* Info.plist */,
			);
			name = Support;
			sourceTree = "<group>";
		};
		72869B161C4E6EE3009AF9C5 /* Menu */ = {
			isa = PBXGroup;
			children = (
				6482E0431C4C939200E3869E /* Main.storyboard */,
				6482E0411C4C939200E3869E /* MenuViewController.swift */,
			);
			name = Menu;
			sourceTree = "<group>";
		};
		728813731C4FBDC9000CF114 /* DissolvedShow */ = {
			isa = PBXGroup;
			children = (
				64DA1B0A1C51158900EB668D /* Filter.swift */,
				728813761C4FBF0C000CF114 /* FilteredImageView.swift */,
				728813701C4FBD6B000CF114 /* DissolvedTransition.storyboard */,
				728813741C4FBE0B000CF114 /* DissolvedShowViewController.swift */,
			);
			name = DissolvedShow;
			sourceTree = "<group>";
		};
/* End PBXGroup section */

/* Begin PBXNativeTarget section */
		6482E03B1C4C939200E3869E /* DemoAnimations */ = {
			isa = PBXNativeTarget;
			buildConfigurationList = 6482E04E1C4C939300E3869E /* Build configuration list for PBXNativeTarget "DemoAnimations" */;
			buildPhases = (
				6482E0381C4C939200E3869E /* Sources */,
				6482E0391C4C939200E3869E /* Frameworks */,
				6482E03A1C4C939200E3869E /* Resources */,
				64B054D41CD73D55001FBEA1 /* ShellScript */,
			);
			buildRules = (
			);
			dependencies = (
			);
			name = DemoAnimations;
			productName = Animations;
			productReference = 6482E03C1C4C939200E3869E /* DemoAnimations.app */;
			productType = "com.apple.product-type.application";
		};
/* End PBXNativeTarget section */

/* Begin PBXProject section */
		6482E0341C4C939200E3869E /* Project object */ = {
			isa = PBXProject;
			attributes = {
				LastSwiftUpdateCheck = 0720;
				LastUpgradeCheck = 0720;
				ORGANIZATIONNAME = Alchemist;
				TargetAttributes = {
					6482E03B1C4C939200E3869E = {
						CreatedOnToolsVersion = 7.2;
						DevelopmentTeam = STZUMTKX42;
					};
				};
			};
			buildConfigurationList = 6482E0371C4C939200E3869E /* Build configuration list for PBXProject "DemoAnimations" */;
			compatibilityVersion = "Xcode 3.2";
			developmentRegion = English;
			hasScannedForEncodings = 0;
			knownRegions = (
				en,
				Base,
			);
			mainGroup = 6482E0331C4C939200E3869E;
			productRefGroup = 6482E03D1C4C939200E3869E /* Products */;
			projectDirPath = "";
			projectRoot = "";
			targets = (
				6482E03B1C4C939200E3869E /* DemoAnimations */,
			);
		};
/* End PBXProject section */

/* Begin PBXResourcesBuildPhase section */
		6482E03A1C4C939200E3869E /* Resources */ = {
			isa = PBXResourcesBuildPhase;
			buildActionMask = 2147483647;
			files = (
				6466CAF71C66C50B00380D0F /* ClockFace.storyboard in Resources */,
				64A588541C6AC95300E72FEE /* ClockFace2.storyboard in Resources */,
				723C11031CC8A5D900038FC6 /* GroupAnim.storyboard in Resources */,
				72815EBE1C4DE8DF003BA56F /* CustomShow.storyboard in Resources */,
				6482E04A1C4C939300E3869E /* LaunchScreen.storyboard in Resources */,
				723C110A1CC8A78F00038FC6 /* BezierPath.storyboard in Resources */,
				6482E0471C4C939300E3869E /* Assets.xcassets in Resources */,
				64B054CD1CD736BC001FBEA1 /* CustomContainer.storyboard in Resources */,
				728813721C4FBD6B000CF114 /* DissolvedTransition.storyboard in Resources */,
				723C10FD1CC87AAF00038FC6 /* ClockFace3.storyboard in Resources */,
				6482E0451C4C939200E3869E /* Main.storyboard in Resources */,
				646435D51C4E286500828B18 /* InteractiveTransition.storyboard in Resources */,
			);
			runOnlyForDeploymentPostprocessing = 0;
		};
/* End PBXResourcesBuildPhase section */

/* Begin PBXShellScriptBuildPhase section */
		64B054D41CD73D55001FBEA1 /* ShellScript */ = {
			isa = PBXShellScriptBuildPhase;
			buildActionMask = 2147483647;
			files = (
			);
			inputPaths = (
				"$(SRCROOT)/Carthage/Build/iOS/SnapKit.framework",
			);
			outputPaths = (
			);
			runOnlyForDeploymentPostprocessing = 0;
			shellPath = /bin/sh;
			shellScript = "/usr/local/bin/carthage copy-frameworks";
		};
/* End PBXShellScriptBuildPhase section */

/* Begin PBXSourcesBuildPhase section */
		6482E0381C4C939200E3869E /* Sources */ = {
			isa = PBXSourcesBuildPhase;
			buildActionMask = 2147483647;
			files = (
				723C11081CC8A76800038FC6 /* BezierPathAnimation.swift in Sources */,
				723C11061CC8A5FB00038FC6 /* GroupAnimViewController.swift in Sources */,
				64DA1B0B1C51158900EB668D /* Filter.swift in Sources */,
				72815EC01C4DE940003BA56F /* CustomShowViewController.swift in Sources */,
				6466CAFB1C66C6B900380D0F /* ClockFaceViewController.swift in Sources */,
				64A588591C6ACAFA00E72FEE /* ClockFace2ViewController.swift in Sources */,
				728813751C4FBE0B000CF114 /* DissolvedShowViewController.swift in Sources */,
				64B054D61CD75080001FBEA1 /* ChildViewController.swift in Sources */,
				64B054D01CD7376E001FBEA1 /* ContainerViewController.swift in Sources */,
				6482E0421C4C939200E3869E /* MenuViewController.swift in Sources */,
				723C10FF1CC87D6F00038FC6 /* ClockFace3ViewController.swift in Sources */,
				6482E0401C4C939200E3869E /* AppDelegate.swift in Sources */,
				6466CAF91C66C54E00380D0F /* ClockFace.swift in Sources */,
				646435D81C4E28C500828B18 /* InteractiveShowViewController.swift in Sources */,
				64A588571C6ACAA300E72FEE /* ClockFace2.swift in Sources */,
				728813771C4FBF0C000CF114 /* FilteredImageView.swift in Sources */,
			);
			runOnlyForDeploymentPostprocessing = 0;
		};
/* End PBXSourcesBuildPhase section */

/* Begin PBXVariantGroup section */
		646435D31C4E286500828B18 /* InteractiveTransition.storyboard */ = {
			isa = PBXVariantGroup;
			children = (
				646435D41C4E286500828B18 /* Base */,
			);
			name = InteractiveTransition.storyboard;
			sourceTree = "<group>";
		};
		6482E0431C4C939200E3869E /* Main.storyboard */ = {
			isa = PBXVariantGroup;
			children = (
				6482E0441C4C939200E3869E /* Base */,
			);
			name = Main.storyboard;
			sourceTree = "<group>";
		};
		6482E0481C4C939300E3869E /* LaunchScreen.storyboard */ = {
			isa = PBXVariantGroup;
			children = (
				6482E0491C4C939300E3869E /* Base */,
			);
			name = LaunchScreen.storyboard;
			sourceTree = "<group>";
		};
		64A588521C6AC95300E72FEE /* ClockFace2.storyboard */ = {
			isa = PBXVariantGroup;
			children = (
				64A588531C6AC95300E72FEE /* Base */,
			);
			name = ClockFace2.storyboard;
			sourceTree = "<group>";
		};
		64B054CB1CD736BC001FBEA1 /* CustomContainer.storyboard */ = {
			isa = PBXVariantGroup;
			children = (
				64B054CC1CD736BC001FBEA1 /* Base */,
			);
			name = CustomContainer.storyboard;
			sourceTree = "<group>";
		};
		728813701C4FBD6B000CF114 /* DissolvedTransition.storyboard */ = {
			isa = PBXVariantGroup;
			children = (
				728813711C4FBD6B000CF114 /* Base */,
			);
			name = DissolvedTransition.storyboard;
			sourceTree = "<group>";
		};
/* End PBXVariantGroup section */

/* Begin XCBuildConfiguration section */
		6482E04C1C4C939300E3869E /* Debug */ = {
			isa = XCBuildConfiguration;
			buildSettings = {
				ALWAYS_SEARCH_USER_PATHS = NO;
				CLANG_CXX_LANGUAGE_STANDARD = "gnu++0x";
				CLANG_CXX_LIBRARY = "libc++";
				CLANG_ENABLE_MODULES = YES;
				CLANG_ENABLE_OBJC_ARC = YES;
				CLANG_WARN_BOOL_CONVERSION = YES;
				CLANG_WARN_CONSTANT_CONVERSION = YES;
				CLANG_WARN_DIRECT_OBJC_ISA_USAGE = YES_ERROR;
				CLANG_WARN_EMPTY_BODY = YES;
				CLANG_WARN_ENUM_CONVERSION = YES;
				CLANG_WARN_INT_CONVERSION = YES;
				CLANG_WARN_OBJC_ROOT_CLASS = YES_ERROR;
				CLANG_WARN_UNREACHABLE_CODE = YES;
				CLANG_WARN__DUPLICATE_METHOD_MATCH = YES;
				"CODE_SIGN_IDENTITY[sdk=iphoneos*]" = "iPhone Developer";
				COPY_PHASE_STRIP = NO;
				DEBUG_INFORMATION_FORMAT = dwarf;
				ENABLE_STRICT_OBJC_MSGSEND = YES;
				ENABLE_TESTABILITY = YES;
				GCC_C_LANGUAGE_STANDARD = gnu99;
				GCC_DYNAMIC_NO_PIC = NO;
				GCC_NO_COMMON_BLOCKS = YES;
				GCC_OPTIMIZATION_LEVEL = 0;
				GCC_PREPROCESSOR_DEFINITIONS = (
					"DEBUG=1",
					"$(inherited)",
				);
				GCC_WARN_64_TO_32_BIT_CONVERSION = YES;
				GCC_WARN_ABOUT_RETURN_TYPE = YES_ERROR;
				GCC_WARN_UNDECLARED_SELECTOR = YES;
				GCC_WARN_UNINITIALIZED_AUTOS = YES_AGGRESSIVE;
				GCC_WARN_UNUSED_FUNCTION = YES;
				GCC_WARN_UNUSED_VARIABLE = YES;
				IPHONEOS_DEPLOYMENT_TARGET = 9.2;
				MTL_ENABLE_DEBUG_INFO = YES;
				ONLY_ACTIVE_ARCH = YES;
				SDKROOT = iphoneos;
				SWIFT_OPTIMIZATION_LEVEL = "-Onone";
			};
			name = Debug;
		};
		6482E04D1C4C939300E3869E /* Release */ = {
			isa = XCBuildConfiguration;
			buildSettings = {
				ALWAYS_SEARCH_USER_PATHS = NO;
				CLANG_CXX_LANGUAGE_STANDARD = "gnu++0x";
				CLANG_CXX_LIBRARY = "libc++";
				CLANG_ENABLE_MODULES = YES;
				CLANG_ENABLE_OBJC_ARC = YES;
				CLANG_WARN_BOOL_CONVERSION = YES;
				CLANG_WARN_CONSTANT_CONVERSION = YES;
				CLANG_WARN_DIRECT_OBJC_ISA_USAGE = YES_ERROR;
				CLANG_WARN_EMPTY_BODY = YES;
				CLANG_WARN_ENUM_CONVERSION = YES;
				CLANG_WARN_INT_CONVERSION = YES;
				CLANG_WARN_OBJC_ROOT_CLASS = YES_ERROR;
				CLANG_WARN_UNREACHABLE_CODE = YES;
				CLANG_WARN__DUPLICATE_METHOD_MATCH = YES;
				"CODE_SIGN_IDENTITY[sdk=iphoneos*]" = "iPhone Developer";
				COPY_PHASE_STRIP = NO;
				DEBUG_INFORMATION_FORMAT = "dwarf-with-dsym";
				ENABLE_NS_ASSERTIONS = NO;
				ENABLE_STRICT_OBJC_MSGSEND = YES;
				GCC_C_LANGUAGE_STANDARD = gnu99;
				GCC_NO_COMMON_BLOCKS = YES;
				GCC_WARN_64_TO_32_BIT_CONVERSION = YES;
				GCC_WARN_ABOUT_RETURN_TYPE = YES_ERROR;
				GCC_WARN_UNDECLARED_SELECTOR = YES;
				GCC_WARN_UNINITIALIZED_AUTOS = YES_AGGRESSIVE;
				GCC_WARN_UNUSED_FUNCTION = YES;
				GCC_WARN_UNUSED_VARIABLE = YES;
				IPHONEOS_DEPLOYMENT_TARGET = 9.2;
				MTL_ENABLE_DEBUG_INFO = NO;
				SDKROOT = iphoneos;
				VALIDATE_PRODUCT = YES;
			};
			name = Release;
		};
		6482E04F1C4C939300E3869E /* Debug */ = {
			isa = XCBuildConfiguration;
			buildSettings = {
				ASSETCATALOG_COMPILER_APPICON_NAME = AppIcon;
				CODE_SIGN_IDENTITY = "iPhone Developer";
				"CODE_SIGN_IDENTITY[sdk=iphoneos*]" = "iPhone Developer";
				FRAMEWORK_SEARCH_PATHS = (
					"$(inherited)",
					"$(PROJECT_DIR)/Carthage/Build/iOS",
				);
				INFOPLIST_FILE = Animations/Info.plist;
				LD_RUNPATH_SEARCH_PATHS = "$(inherited) @executable_path/Frameworks";
				PRODUCT_BUNDLE_IDENTIFIER = com.morgenworks.Animations;
				PRODUCT_NAME = DemoAnimations;
				PROVISIONING_PROFILE = "";
			};
			name = Debug;
		};
		6482E0501C4C939300E3869E /* Release */ = {
			isa = XCBuildConfiguration;
			buildSettings = {
				ASSETCATALOG_COMPILER_APPICON_NAME = AppIcon;
				CODE_SIGN_IDENTITY = "iPhone Developer";
				"CODE_SIGN_IDENTITY[sdk=iphoneos*]" = "iPhone Developer";
				FRAMEWORK_SEARCH_PATHS = (
					"$(inherited)",
					"$(PROJECT_DIR)/Carthage/Build/iOS",
				);
				INFOPLIST_FILE = Animations/Info.plist;
				LD_RUNPATH_SEARCH_PATHS = "$(inherited) @executable_path/Frameworks";
				PRODUCT_BUNDLE_IDENTIFIER = com.morgenworks.Animations;
				PRODUCT_NAME = DemoAnimations;
				PROVISIONING_PROFILE = "";
			};
			name = Release;
		};
/* End XCBuildConfiguration section */

/* Begin XCConfigurationList section */
		6482E0371C4C939200E3869E /* Build configuration list for PBXProject "DemoAnimations" */ = {
			isa = XCConfigurationList;
			buildConfigurations = (
				6482E04C1C4C939300E3869E /* Debug */,
				6482E04D1C4C939300E3869E /* Release */,
			);
			defaultConfigurationIsVisible = 0;
			defaultConfigurationName = Release;
		};
		6482E04E1C4C939300E3869E /* Build configuration list for PBXNativeTarget "DemoAnimations" */ = {
			isa = XCConfigurationList;
			buildConfigurations = (
				6482E04F1C4C939300E3869E /* Debug */,
				6482E0501C4C939300E3869E /* Release */,
			);
			defaultConfigurationIsVisible = 0;
			defaultConfigurationName = Release;
		};
/* End XCConfigurationList section */
	};
	rootObject = 6482E0341C4C939200E3869E /* Project object */;
}
